
Microsoft Visual Studio Solution File, Format Version 12.00
# Visual Studio 15
VisualStudioVersion = 15.0.27004.2009
MinimumVisualStudioVersion = 10.0.40219.1
Project("{9A19103F-16F7-4668-BE54-9A1E7A4F7556}") = "CodeRunner.Warp4.CustomFunction", "CodeRunner.Warp4.CustomFunction\CodeRunner.Warp4.CustomFunction.csproj", "{63F45045-23B7-4678-A684-A3985E39A619}"
EndProject
Global
	GlobalSection(SolutionConfigurationPlatforms) = preSolution
		Debug|Any CPU = Debug|Any CPU
		Release|Any CPU = Release|Any CPU
	EndGlobalSection
	GlobalSection(ProjectConfigurationPlatforms) = postSolution
		{63F45045-23B7-4678-A684-A3985E39A619}.Debug|Any CPU.ActiveCfg = Debug|Any CPU
		{63F45045-23B7-4678-A684-A3985E39A619}.Debug|Any CPU.Build.0 = Debug|Any CPU
		{63F45045-23B7-4678-A684-A3985E39A619}.Release|Any CPU.ActiveCfg = Release|Any CPU
		{63F45045-23B7-4678-A684-A3985E39A619}.Release|Any CPU.Build.0 = Release|Any CPU
	EndGlobalSection
	GlobalSection(SolutionProperties) = preSolution
		HideSolutionNode = FALSE
	EndGlobalSection
	GlobalSection(ExtensibilityGlobals) = postSolution
		SolutionGuid = {FE9FF747-CECD-4BCD-9310-E8C65EE6385C}
	EndGlobalSection
EndGlobal
